
Microsoft Visual Studio Solution File, Format Version 12.00
# Visual Studio Version 16
VisualStudioVersion = 16.0.33529.622
MinimumVisualStudioVersion = 10.0.40219.1
Project("{FAE04EC0-301F-11D3-BF4B-00C04F79EFBC}") = "ProjetoFromLuiz", "ProjetoFromLuiz\ProjetoFromLuiz.csproj", "{17F7C339-374A-4615-A010-E3AB271FD063}"
EndProject
Global
	GlobalSection(SolutionConfigurationPlatforms) = preSolution
		Debug|Any CPU = Debug|Any CPU
		Release|Any CPU = Release|Any CPU
	EndGlobalSection
	GlobalSection(ProjectConfigurationPlatforms) = postSolution
		{17F7C339-374A-4615-A010-E3AB271FD063}.Debug|Any CPU.ActiveCfg = Debug|Any CPU
		{17F7C339-374A-4615-A010-E3AB271FD063}.Debug|Any CPU.Build.0 = Debug|Any CPU
		{17F7C339-374A-4615-A010-E3AB271FD063}.Release|Any CPU.ActiveCfg = Release|Any CPU
		{17F7C339-374A-4615-A010-E3AB271FD063}.Release|Any CPU.Build.0 = Release|Any CPU
	EndGlobalSection
	GlobalSection(SolutionProperties) = preSolution
		HideSolutionNode = FALSE
	EndGlobalSection
	GlobalSection(ExtensibilityGlobals) = postSolution
		SolutionGuid = {EB69F4FC-F57F-406C-AAF4-367B6E0B0E96}
	EndGlobalSection
EndGlobal
